{
  "originHash" : "39dfa2ea655ee89ea27d38d6b3258f53b5779e3bc26cd967b36ca0ee81d7f6fc",
  "pins" : [
    {
      "identity" : "flanimatedimage",
      "kind" : "remoteSourceControl",
      "location" : "https://github.com/Flipboard/FLAnimatedImage.git",
      "state" : {
        "revision" : "d4f07b6f164d53c1212c3e54d6460738b1981e9f",
        "version" : "1.0.17"
      }
    },
    {
      "identity" : "giffy",
      "kind" : "remoteSourceControl",
      "location" : "https://github.com/tfmart/Giffy",
      "state" : {
        "branch" : "main",
        "revision" : "595bd0a0bc292d32da4b26b8bca4347235ab2556"
      }
    },
    {
      "identity" : "lottie-ios",
      "kind" : "remoteSourceControl",
      "location" : "https://github.com/airbnb/lottie-ios.git",
      "state" : {
        "revision" : "fe4c6fe3a0aa66cdeb51d549623c82ca9704b9a5",
        "version" : "4.5.0"
      }
    }
  ],
  "version" : 3
}
